Microsoft Visual Studio Solution File, Format Version 12.00
# Visual Studio 15
VisualStudioVersion = 15.0.28010.2003
MinimumVisualStudioVersion = 10.0.40219.1
Project("{D954291E-2A0B-460D-934E-DC6B0785DB48}") = "SecondOpinion", "SecondOpinion\SecondOpinion.shproj", "{6250F726-9615-4DF8-9851-B3F82D219C4F}"
EndProject
Project("{FAE04EC0-301F-11D3-BF4B-00C04F79EFBC}") = "SecondOpinion.iOS", "iOS\SecondOpinion.iOS.csproj", "{D5FFD993-7880-4C70-A381-D07BF67FCC05}"
EndProject
Project("{FAE04EC0-301F-11D3-BF4B-00C04F79EFBC}") = "SecondOpinion.Droid", "Droid\SecondOpinion.Droid.csproj", "{FFBAB646-AA50-4321-B373-83AA4DA9B69D}"
EndProject
Global
	GlobalSection(SharedMSBuildProjectFiles) = preSolution
		SecondOpinion\SecondOpinion.projitems*{6250f726-9615-4df8-9851-b3f82d219c4f}*SharedItemsImports = 13
		SecondOpinion\SecondOpinion.projitems*{d5ffd993-7880-4c70-a381-d07bf67fcc05}*SharedItemsImports = 4
		SecondOpinion\SecondOpinion.projitems*{ffbab646-aa50-4321-b373-83aa4da9b69d}*SharedItemsImports = 4
	EndGlobalSection
	GlobalSection(SolutionConfigurationPlatforms) = preSolution
		Debug|Any CPU = Debug|Any CPU
		Debug|iPhone = Debug|iPhone
		Debug|iPhoneSimulator = Debug|iPhoneSimulator
		Release|Any CPU = Release|Any CPU
		Release|iPhone = Release|iPhone
		Release|iPhoneSimulator = Release|iPhoneSimulator
	EndGlobalSection
	GlobalSection(ProjectConfigurationPlatforms) = postSolution
		{D5FFD993-7880-4C70-A381-D07BF67FCC05}.Debug|Any CPU.ActiveCfg = Debug|iPhoneSimulator
		{D5FFD993-7880-4C70-A381-D07BF67FCC05}.Debug|Any CPU.Build.0 = Debug|iPhoneSimulator
		{D5FFD993-7880-4C70-A381-D07BF67FCC05}.Debug|iPhone.ActiveCfg = Debug|iPhone
		{D5FFD993-7880-4C70-A381-D07BF67FCC05}.Debug|iPhone.Build.0 = Debug|iPhone
		{D5FFD993-7880-4C70-A381-D07BF67FCC05}.Debug|iPhoneSimulator.ActiveCfg = Debug|iPhoneSimulator
		{D5FFD993-7880-4C70-A381-D07BF67FCC05}.Debug|iPhoneSimulator.Build.0 = Debug|iPhoneSimulator
		{D5FFD993-7880-4C70-A381-D07BF67FCC05}.Release|Any CPU.ActiveCfg = Release|iPhone
		{D5FFD993-7880-4C70-A381-D07BF67FCC05}.Release|Any CPU.Build.0 = Release|iPhone
		{D5FFD993-7880-4C70-A381-D07BF67FCC05}.Release|iPhone.ActiveCfg = Release|iPhone
		{D5FFD993-7880-4C70-A381-D07BF67FCC05}.Release|iPhone.Build.0 = Release|iPhone
		{D5FFD993-7880-4C70-A381-D07BF67FCC05}.Release|iPhoneSimulator.ActiveCfg = Release|iPhoneSimulator
		{D5FFD993-7880-4C70-A381-D07BF67FCC05}.Release|iPhoneSimulator.Build.0 = Release|iPhoneSimulator
		{FFBAB646-AA50-4321-B373-83AA4DA9B69D}.Debug|Any CPU.ActiveCfg = Debug|Any CPU
		{FFBAB646-AA50-4321-B373-83AA4DA9B69D}.Debug|Any CPU.Build.0 = Debug|Any CPU
		{FFBAB646-AA50-4321-B373-83AA4DA9B69D}.Debug|iPhone.ActiveCfg = Debug|Any CPU
		{FFBAB646-AA50-4321-B373-83AA4DA9B69D}.Debug|iPhone.Build.0 = Debug|Any CPU
		{FFBAB646-AA50-4321-B373-83AA4DA9B69D}.Debug|iPhoneSimulator.ActiveCfg = Debug|Any CPU
		{FFBAB646-AA50-4321-B373-83AA4DA9B69D}.Debug|iPhoneSimulator.Build.0 = Debug|Any CPU
		{FFBAB646-AA50-4321-B373-83AA4DA9B69D}.Release|Any CPU.ActiveCfg = Release|Any CPU
		{FFBAB646-AA50-4321-B373-83AA4DA9B69D}.Release|Any CPU.Build.0 = Release|Any CPU
		{FFBAB646-AA50-4321-B373-83AA4DA9B69D}.Release|iPhone.ActiveCfg = Release|Any CPU
		{FFBAB646-AA50-4321-B373-83AA4DA9B69D}.Release|iPhone.Build.0 = Release|Any CPU
		{FFBAB646-AA50-4321-B373-83AA4DA9B69D}.Release|iPhoneSimulator.ActiveCfg = Release|Any CPU
		{FFBAB646-AA50-4321-B373-83AA4DA9B69D}.Release|iPhoneSimulator.Build.0 = Release|Any CPU
	EndGlobalSection
	GlobalSection(SolutionProperties) = preSolution
		HideSolutionNode = FALSE
	EndGlobalSection
	GlobalSection(ExtensibilityGlobals) = postSolution
		SolutionGuid = {50308125-74D3-46BB-AEB5-175B617E3BF1}
	EndGlobalSection
	GlobalSection(MonoDevelopProperties) = preSolution
		Policies = $0
		$0.TextStylePolicy = $13
	EndGlobalSection
EndGlobal
