
Microsoft Visual Studio Solution File, Format Version 12.00
# Visual Studio 2012
Project("{D954291E-2A0B-460D-934E-DC6B0785DB48}") = "SecondOpinion", "SecondOpinion\SecondOpinion.shproj", "{6250F726-9615-4DF8-9851-B3F82D219C4F}"
EndProject
Project("{FAE04EC0-301F-11D3-BF4B-00C04F79EFBC}") = "SecondOpinion.iOS", "iOS\SecondOpinion.iOS.csproj", "{D5FFD993-7880-4C70-A381-D07BF67FCC05}"
EndProject
Project("{FAE04EC0-301F-11D3-BF4B-00C04F79EFBC}") = "SecondOpinion.Droid", "Droid\SecondOpinion.Droid.csproj", "{FFBAB646-AA50-4321-B373-83AA4DA9B69D}"
EndProject
Global
	GlobalSection(SolutionConfigurationPlatforms) = preSolution
		Debug|iPhoneSimulator = Debug|iPhoneSimulator
		Release|iPhone = Release|iPhone
		Release|iPhoneSimulator = Release|iPhoneSimulator
		Debug|iPhone = Debug|iPhone
		Debug|Any CPU = Debug|Any CPU
		Release|Any CPU = Release|Any CPU
	EndGlobalSection
	GlobalSection(ProjectConfigurationPlatforms) = postSolution
		{D5FFD993-7880-4C70-A381-D07BF67FCC05}.Debug|iPhoneSimulator.ActiveCfg = Debug|iPhoneSimulator
		{D5FFD993-7880-4C70-A381-D07BF67FCC05}.Debug|iPhoneSimulator.Build.0 = Debug|iPhoneSimulator
		{D5FFD993-7880-4C70-A381-D07BF67FCC05}.Release|iPhone.ActiveCfg = Release|iPhone
		{D5FFD993-7880-4C70-A381-D07BF67FCC05}.Release|iPhone.Build.0 = Release|iPhone
		{D5FFD993-7880-4C70-A381-D07BF67FCC05}.Release|iPhoneSimulator.ActiveCfg = Release|iPhoneSimulator
		{D5FFD993-7880-4C70-A381-D07BF67FCC05}.Release|iPhoneSimulator.Build.0 = Release|iPhoneSimulator
		{D5FFD993-7880-4C70-A381-D07BF67FCC05}.Debug|iPhone.ActiveCfg = Debug|iPhone
		{D5FFD993-7880-4C70-A381-D07BF67FCC05}.Debug|iPhone.Build.0 = Debug|iPhone
		{D5FFD993-7880-4C70-A381-D07BF67FCC05}.Debug|Any CPU.ActiveCfg = Debug|iPhoneSimulator
		{D5FFD993-7880-4C70-A381-D07BF67FCC05}.Debug|Any CPU.Build.0 = Debug|iPhoneSimulator
		{D5FFD993-7880-4C70-A381-D07BF67FCC05}.Release|Any CPU.ActiveCfg = Release|iPhone
		{D5FFD993-7880-4C70-A381-D07BF67FCC05}.Release|Any CPU.Build.0 = Release|iPhone
		{FFBAB646-AA50-4321-B373-83AA4DA9B69D}.Debug|iPhoneSimulator.ActiveCfg = Debug|Any CPU
		{FFBAB646-AA50-4321-B373-83AA4DA9B69D}.Debug|iPhoneSimulator.Build.0 = Debug|Any CPU
		{FFBAB646-AA50-4321-B373-83AA4DA9B69D}.Release|iPhone.ActiveCfg = Release|Any CPU
		{FFBAB646-AA50-4321-B373-83AA4DA9B69D}.Release|iPhone.Build.0 = Release|Any CPU
		{FFBAB646-AA50-4321-B373-83AA4DA9B69D}.Release|iPhoneSimulator.ActiveCfg = Release|Any CPU
		{FFBAB646-AA50-4321-B373-83AA4DA9B69D}.Release|iPhoneSimulator.Build.0 = Release|Any CPU
		{FFBAB646-AA50-4321-B373-83AA4DA9B69D}.Debug|iPhone.ActiveCfg = Debug|Any CPU
		{FFBAB646-AA50-4321-B373-83AA4DA9B69D}.Debug|iPhone.Build.0 = Debug|Any CPU
		{FFBAB646-AA50-4321-B373-83AA4DA9B69D}.Debug|Any CPU.ActiveCfg = Debug|Any CPU
		{FFBAB646-AA50-4321-B373-83AA4DA9B69D}.Debug|Any CPU.Build.0 = Debug|Any CPU
		{FFBAB646-AA50-4321-B373-83AA4DA9B69D}.Release|Any CPU.ActiveCfg = Release|Any CPU
		{FFBAB646-AA50-4321-B373-83AA4DA9B69D}.Release|Any CPU.Build.0 = Release|Any CPU
	EndGlobalSection
EndGlobal
